
Microsoft Visual Studio Solution File, Format Version 12.00
# Visual Studio Version 16
VisualStudioVersion = 16.0.30011.22
MinimumVisualStudioVersion = 10.0.40219.1
Project("{FAE04EC0-301F-11D3-BF4B-00C04F79EFBC}") = "app_tempo_2as", "app_tempo_2as\app_tempo_2as.csproj", "{13F88675-F1AC-40C7-A2D4-94B0000D6A5D}"
EndProject
Global
	GlobalSection(SolutionConfigurationPlatforms) = preSolution
		Debug|Any CPU = Debug|Any CPU
		Release|Any CPU = Release|Any CPU
	EndGlobalSection
	GlobalSection(ProjectConfigurationPlatforms) = postSolution
		{13F88675-F1AC-40C7-A2D4-94B0000D6A5D}.Debug|Any CPU.ActiveCfg = Debug|Any CPU
		{13F88675-F1AC-40C7-A2D4-94B0000D6A5D}.Debug|Any CPU.Build.0 = Debug|Any CPU
		{13F88675-F1AC-40C7-A2D4-94B0000D6A5D}.Release|Any CPU.ActiveCfg = Release|Any CPU
		{13F88675-F1AC-40C7-A2D4-94B0000D6A5D}.Release|Any CPU.Build.0 = Release|Any CPU
	EndGlobalSection
	GlobalSection(SolutionProperties) = preSolution
		HideSolutionNode = FALSE
	EndGlobalSection
	GlobalSection(ExtensibilityGlobals) = postSolution
		SolutionGuid = {C520F0D6-8B96-4DDB-B765-2393CC118900}
	EndGlobalSection
EndGlobal
